// !$*UTF8*$!
{
	archiveVersion = 1;
	classes = {
	};
	objectVersion = 46;
	objects = {

/* Begin PBXBuildFile section */
		7E18E0F80119EA6BC0879440 /* Pods.framework in Frameworks */ = {isa = PBXBuildFile; fileRef = B2BE6D758F347E1E3CB70D87 /* Pods.framework */; };
		A80754251CEA9F56004ABC0D /* JYConstant.swift in Sources */ = {isa = PBXBuildFile; fileRef = A80754241CEA9F56004ABC0D /* JYConstant.swift */; };
		A80754271CEAA709004ABC0D /* JYAPIClient.swift in Sources */ = {isa = PBXBuildFile; fileRef = A80754261CEAA709004ABC0D /* JYAPIClient.swift */; };
		A80875B21CF94E5300B3167A /* HomeDetailHeadView.swift in Sources */ = {isa = PBXBuildFile; fileRef = A80875B11CF94E5300B3167A /* HomeDetailHeadView.swift */; };
		A8087F1F1CF56E24005DB30A /* TPPushDemandTopView.m in Sources */ = {isa = PBXBuildFile; fileRef = A8087F1E1CF56E24005DB30A /* TPPushDemandTopView.m */; };
		A8105C3F1CEC008300F25778 /* MineViewController.swift in Sources */ = {isa = PBXBuildFile; fileRef = A8105C3E1CEC008300F25778 /* MineViewController.swift */; };
		A8105C5B1CEC628100F25778 /* Reflect+ArcFile.swift in Sources */ = {isa = PBXBuildFile; fileRef = A8105C501CEC628100F25778 /* Reflect+ArcFile.swift */; };
		A8105C5C1CEC628100F25778 /* Reflect+Parse.swift in Sources */ = {isa = PBXBuildFile; fileRef = A8105C521CEC628100F25778 /* Reflect+Parse.swift */; };
		A8105C5D1CEC628100F25778 /* Reflect+Convert.swift in Sources */ = {isa = PBXBuildFile; fileRef = A8105C541CEC628100F25778 /* Reflect+Convert.swift */; };
		A8105C5E1CEC628100F25778 /* Reflect+Class.swift in Sources */ = {isa = PBXBuildFile; fileRef = A8105C561CEC628100F25778 /* Reflect+Class.swift */; };
		A8105C5F1CEC628100F25778 /* Reflect+Other.swift in Sources */ = {isa = PBXBuildFile; fileRef = A8105C571CEC628100F25778 /* Reflect+Other.swift */; };
		A8105C601CEC628100F25778 /* Reflect+Property.swift in Sources */ = {isa = PBXBuildFile; fileRef = A8105C581CEC628100F25778 /* Reflect+Property.swift */; };
		A8105C611CEC628100F25778 /* Reflect+Type.swift in Sources */ = {isa = PBXBuildFile; fileRef = A8105C591CEC628100F25778 /* Reflect+Type.swift */; };
		A8105C621CEC628100F25778 /* Reflect.swift in Sources */ = {isa = PBXBuildFile; fileRef = A8105C5A1CEC628100F25778 /* Reflect.swift */; };
		A8105C681CEC62FF00F25778 /* JYNavBarViewController.swift in Sources */ = {isa = PBXBuildFile; fileRef = A8105C671CEC62FF00F25778 /* JYNavBarViewController.swift */; };
		A8105C6A1CEC630600F25778 /* JYHomeBottomView.swift in Sources */ = {isa = PBXBuildFile; fileRef = A8105C691CEC630600F25778 /* JYHomeBottomView.swift */; };
		A8105C701CEC636E00F25778 /* DestinationHots.swift in Sources */ = {isa = PBXBuildFile; fileRef = A8105C6F1CEC636E00F25778 /* DestinationHots.swift */; };
		A8105C721CEC63AD00F25778 /* DestinationViewController.swift in Sources */ = {isa = PBXBuildFile; fileRef = A8105C711CEC63AD00F25778 /* DestinationViewController.swift */; };
		A8105C7C1CEC7EF200F25778 /* DestCell.swift in Sources */ = {isa = PBXBuildFile; fileRef = A8105C7B1CEC7EF200F25778 /* DestCell.swift */; };
		A8105CB91CECB5DC00F25778 /* FilterFreedoms.swift in Sources */ = {isa = PBXBuildFile; fileRef = A8105CB81CECB5DC00F25778 /* FilterFreedoms.swift */; };
		A8105CBD1CECB60800F25778 /* HomeViewController.swift in Sources */ = {isa = PBXBuildFile; fileRef = A8105CBC1CECB60800F25778 /* HomeViewController.swift */; };
		A833184A1CF9680F0001F084 /* TPRatingStart.m in Sources */ = {isa = PBXBuildFile; fileRef = A83318491CF9680F0001F084 /* TPRatingStart.m */; };
		A833184C1CF989C10001F084 /* HomeDetailFootView.swift in Sources */ = {isa = PBXBuildFile; fileRef = A833184B1CF989C10001F084 /* HomeDetailFootView.swift */; };
		A87C1DC61CE9A24D00E0285F /* AppDelegate.swift in Sources */ = {isa = PBXBuildFile; fileRef = A87C1DC51CE9A24D00E0285F /* AppDelegate.swift */; };
		A87C1DCD1CE9A24D00E0285F /* Main.storyboard in Resources */ = {isa = PBXBuildFile; fileRef = A87C1DCB1CE9A24D00E0285F /* Main.storyboard */; };
		A87C1DCF1CE9A24D00E0285F /* Assets.xcassets in Resources */ = {isa = PBXBuildFile; fileRef = A87C1DCE1CE9A24D00E0285F /* Assets.xcassets */; };
		A87C1DD21CE9A24D00E0285F /* LaunchScreen.storyboard in Resources */ = {isa = PBXBuildFile; fileRef = A87C1DD01CE9A24D00E0285F /* LaunchScreen.storyboard */; };
		A87C1DDD1CE9A24D00E0285F /* JuYouTests.swift in Sources */ = {isa = PBXBuildFile; fileRef = A87C1DDC1CE9A24D00E0285F /* JuYouTests.swift */; };
		A87C1DE81CE9A24E00E0285F /* JuYouUITests.swift in Sources */ = {isa = PBXBuildFile; fileRef = A87C1DE71CE9A24E00E0285F /* JuYouUITests.swift */; };
		A87C1DFB1CE9A3A200E0285F /* JYNetWorking.swift in Sources */ = {isa = PBXBuildFile; fileRef = A87C1DFA1CE9A3A200E0285F /* JYNetWorking.swift */; };
		A8A45A091CF2969D00B33DFD /* HomeDetailViewController.swift in Sources */ = {isa = PBXBuildFile; fileRef = A8A45A081CF2969D00B33DFD /* HomeDetailViewController.swift */; };
		A8A45A0B1CF2987E00B33DFD /* BasicViewController.swift in Sources */ = {isa = PBXBuildFile; fileRef = A8A45A0A1CF2987E00B33DFD /* BasicViewController.swift */; };
		A8A45A131CF2D7B500B33DFD /* UIButton+Typesetting.swift in Sources */ = {isa = PBXBuildFile; fileRef = A8A45A0D1CF2D7B500B33DFD /* UIButton+Typesetting.swift */; };
		A8A45A141CF2D7B500B33DFD /* UIImage+Color.swift in Sources */ = {isa = PBXBuildFile; fileRef = A8A45A0E1CF2D7B500B33DFD /* UIImage+Color.swift */; };
		A8A45A151CF2D7B500B33DFD /* UImage+Size.swift in Sources */ = {isa = PBXBuildFile; fileRef = A8A45A0F1CF2D7B500B33DFD /* UImage+Size.swift */; };
		A8A45A161CF2D7B500B33DFD /* UIView+DDAddition.swift in Sources */ = {isa = PBXBuildFile; fileRef = A8A45A101CF2D7B500B33DFD /* UIView+DDAddition.swift */; };
		A8A45A171CF2D7B500B33DFD /* UIView+screenshots.swift in Sources */ = {isa = PBXBuildFile; fileRef = A8A45A111CF2D7B500B33DFD /* UIView+screenshots.swift */; };
		A8A45A181CF2D7B500B33DFD /* UIViewController+Loading.swift in Sources */ = {isa = PBXBuildFile; fileRef = A8A45A121CF2D7B500B33DFD /* UIViewController+Loading.swift */; };
		A8A45A1C1CF2D80F00B33DFD /* CoreAnimationEffect.swift in Sources */ = {isa = PBXBuildFile; fileRef = A8A45A1A1CF2D80F00B33DFD /* CoreAnimationEffect.swift */; };
		A8A45A1D1CF2D80F00B33DFD /* JYCuxtomTool.swift in Sources */ = {isa = PBXBuildFile; fileRef = A8A45A1B1CF2D80F00B33DFD /* JYCuxtomTool.swift */; };
		A8A45A201CF2D85000B33DFD /* SwiftyJSON.swift in Sources */ = {isa = PBXBuildFile; fileRef = A8A45A1F1CF2D85000B33DFD /* SwiftyJSON.swift */; };
		A8A45A221CF2D9FA00B33DFD /* FreedomDetail.swift in Sources */ = {isa = PBXBuildFile; fileRef = A8A45A211CF2D9FA00B33DFD /* FreedomDetail.swift */; };
		A8BA47171CED432F00FB8916 /* IsHotCell.swift in Sources */ = {isa = PBXBuildFile; fileRef = A8BA47161CED432F00FB8916 /* IsHotCell.swift */; };
		A8BA47191CED928700FB8916 /* ISHotHeadView.swift in Sources */ = {isa = PBXBuildFile; fileRef = A8BA47181CED928700FB8916 /* ISHotHeadView.swift */; };
		A8BA47661CED9C8400FB8916 /* AuxiliaryModels.swift in Sources */ = {isa = PBXBuildFile; fileRef = A8BA47631CED9C8400FB8916 /* AuxiliaryModels.swift */; };
		A8BA47671CED9C8400FB8916 /* CyclePictureCell.swift in Sources */ = {isa = PBXBuildFile; fileRef = A8BA47641CED9C8400FB8916 /* CyclePictureCell.swift */; };
		A8BA47681CED9C8400FB8916 /* CyclePictureView.swift in Sources */ = {isa = PBXBuildFile; fileRef = A8BA47651CED9C8400FB8916 /* CyclePictureView.swift */; };
		A8BA476A1CEDAEDA00FB8916 /* JYHomeHeadView.swift in Sources */ = {isa = PBXBuildFile; fileRef = A8BA47691CEDAEDA00FB8916 /* JYHomeHeadView.swift */; };
		A8BA47751CEDB64600FB8916 /* Alamofire.framework in Frameworks */ = {isa = PBXBuildFile; fileRef = A8BA476D1CEDB64600FB8916 /* Alamofire.framework */; };
		A8BA47771CEDB64600FB8916 /* JGProgressHUD.framework in Frameworks */ = {isa = PBXBuildFile; fileRef = A8BA476F1CEDB64600FB8916 /* JGProgressHUD.framework */; };
		A8BA47781CEDB64600FB8916 /* MJRefresh.framework in Frameworks */ = {isa = PBXBuildFile; fileRef = A8BA47701CEDB64600FB8916 /* MJRefresh.framework */; };
		A8BA477B1CEDB64600FB8916 /* SDWebImage.framework in Frameworks */ = {isa = PBXBuildFile; fileRef = A8BA47731CEDB64600FB8916 /* SDWebImage.framework */; };
		A8E834371CF2EE6200BA5166 /* LvInputView.m in Sources */ = {isa = PBXBuildFile; fileRef = A8E834351CF2EE6200BA5166 /* LvInputView.m */; };
		A8E834381CF2EE6200BA5166 /* LvInputView.xib in Resources */ = {isa = PBXBuildFile; fileRef = A8E834361CF2EE6200BA5166 /* LvInputView.xib */; };
		A8E8343B1CF2EECF00BA5166 /* MTColor.m in Sources */ = {isa = PBXBuildFile; fileRef = A8E8343A1CF2EECF00BA5166 /* MTColor.m */; };
		A8E8343E1CF2EEF600BA5166 /* UIColor+LJ.m in Sources */ = {isa = PBXBuildFile; fileRef = A8E8343D1CF2EEF600BA5166 /* UIColor+LJ.m */; };
		A8E834411CF2EF4800BA5166 /* NSString+NSPredicate.m in Sources */ = {isa = PBXBuildFile; fileRef = A8E834401CF2EF4800BA5166 /* NSString+NSPredicate.m */; };
		A8FE6B561CF2E97300EF32B3 /* changPersonInfn.storyboard in Resources */ = {isa = PBXBuildFile; fileRef = A8FE6B251CF2E97300EF32B3 /* changPersonInfn.storyboard */; };
		A8FE6B571CF2E97300EF32B3 /* LJChangePassWordViewController.m in Sources */ = {isa = PBXBuildFile; fileRef = A8FE6B271CF2E97300EF32B3 /* LJChangePassWordViewController.m */; };
		A8FE6B581CF2E97300EF32B3 /* LJChangePassWordViewController.xib in Resources */ = {isa = PBXBuildFile; fileRef = A8FE6B281CF2E97300EF32B3 /* LJChangePassWordViewController.xib */; };
		A8FE6B591CF2E97300EF32B3 /* LJChangePersonInfoController.m in Sources */ = {isa = PBXBuildFile; fileRef = A8FE6B2A1CF2E97300EF32B3 /* LJChangePersonInfoController.m */; };
		A8FE6B5A1CF2E97300EF32B3 /* LJFindPasswordViewController.m in Sources */ = {isa = PBXBuildFile; fileRef = A8FE6B2C1CF2E97300EF32B3 /* LJFindPasswordViewController.m */; };
		A8FE6B5B1CF2E97300EF32B3 /* LJFindPasswordViewController.xib in Resources */ = {isa = PBXBuildFile; fileRef = A8FE6B2D1CF2E97300EF32B3 /* LJFindPasswordViewController.xib */; };
		A8FE6B5C1CF2E97300EF32B3 /* LJLooginViewController.m in Sources */ = {isa = PBXBuildFile; fileRef = A8FE6B2F1CF2E97300EF32B3 /* LJLooginViewController.m */; };
		A8FE6B5D1CF2E97300EF32B3 /* LJLooginViewController.xib in Resources */ = {isa = PBXBuildFile; fileRef = A8FE6B301CF2E97300EF32B3 /* LJLooginViewController.xib */; };
		A8FE6B5E1CF2E97300EF32B3 /* LJPersonalTableViewController.m in Sources */ = {isa = PBXBuildFile; fileRef = A8FE6B321CF2E97300EF32B3 /* LJPersonalTableViewController.m */; };
		A8FE6B5F1CF2E97300EF32B3 /* LJRegisterViewController.m in Sources */ = {isa = PBXBuildFile; fileRef = A8FE6B341CF2E97300EF32B3 /* LJRegisterViewController.m */; };
		A8FE6B601CF2E97300EF32B3 /* LJRegisterViewController.xib in Resources */ = {isa = PBXBuildFile; fileRef = A8FE6B351CF2E97300EF32B3 /* LJRegisterViewController.xib */; };
		A8FE6B611CF2E97300EF32B3 /* MTChangePassWordController.m in Sources */ = {isa = PBXBuildFile; fileRef = A8FE6B371CF2E97300EF32B3 /* MTChangePassWordController.m */; };
		A8FE6B621CF2E97300EF32B3 /* MTChangePassWordController.xib in Resources */ = {isa = PBXBuildFile; fileRef = A8FE6B381CF2E97300EF32B3 /* MTChangePassWordController.xib */; };
		A8FE6B671CF2E97300EF32B3 /* MTUser.m in Sources */ = {isa = PBXBuildFile; fileRef = A8FE6B431CF2E97300EF32B3 /* MTUser.m */; };
		A8FE6B681CF2E97300EF32B3 /* YYAccountTool.m in Sources */ = {isa = PBXBuildFile; fileRef = A8FE6B451CF2E97300EF32B3 /* YYAccountTool.m */; };
		A8FE6B691CF2E97300EF32B3 /* TPLoginMaster.m in Sources */ = {isa = PBXBuildFile; fileRef = A8FE6B481CF2E97300EF32B3 /* TPLoginMaster.m */; };
		A8FE6B6A1CF2E97300EF32B3 /* LJHeadImageCell.m in Sources */ = {isa = PBXBuildFile; fileRef = A8FE6B4B1CF2E97300EF32B3 /* LJHeadImageCell.m */; };
		A8FE6B6B1CF2E97300EF32B3 /* LJHeadImageCell.xib in Resources */ = {isa = PBXBuildFile; fileRef = A8FE6B4C1CF2E97300EF32B3 /* LJHeadImageCell.xib */; };
		A8FE6B6C1CF2E97300EF32B3 /* LvUIPickerViewOne.m in Sources */ = {isa = PBXBuildFile; fileRef = A8FE6B4E1CF2E97300EF32B3 /* LvUIPickerViewOne.m */; };
		A8FE6B6D1CF2E97300EF32B3 /* LvUIPickerViewOne.xib in Resources */ = {isa = PBXBuildFile; fileRef = A8FE6B4F1CF2E97300EF32B3 /* LvUIPickerViewOne.xib */; };
		A8FE6B731CF2E9A800EF32B3 /* TPBasicViewController.m in Sources */ = {isa = PBXBuildFile; fileRef = A8FE6B721CF2E9A800EF32B3 /* TPBasicViewController.m */; };
		A8FE6B761CF2EA0A00EF32B3 /* TPWeekRecommendTopView.m in Sources */ = {isa = PBXBuildFile; fileRef = A8FE6B751CF2EA0A00EF32B3 /* TPWeekRecommendTopView.m */; };
		A8FE6B7C1CF2EC4300EF32B3 /* NSString+MD5.m in Sources */ = {isa = PBXBuildFile; fileRef = A8FE6B7B1CF2EC4300EF32B3 /* NSString+MD5.m */; };
/* End PBXBuildFile section */

/* Begin PBXContainerItemProxy section */
		A87C1DD91CE9A24D00E0285F /* PBXContainerItemProxy */ = {
			isa = PBXContainerItemProxy;
			containerPortal = A87C1DBA1CE9A24D00E0285F /* Project object */;
			proxyType = 1;
			remoteGlobalIDString = A87C1DC11CE9A24D00E0285F;
			remoteInfo = JuYou;
		};
		A87C1DE41CE9A24D00E0285F /* PBXContainerItemProxy */ = {
			isa = PBXContainerItemProxy;
			containerPortal = A87C1DBA1CE9A24D00E0285F /* Project object */;
			proxyType = 1;
			remoteGlobalIDString = A87C1DC11CE9A24D00E0285F;
			remoteInfo = JuYou;
		};
/* End PBXContainerItemProxy section */

/* Begin PBXFileReference section */
		547493131F3A54D7BEB20001 /* Pods.release.xcconfig */ = {isa = PBXFileReference; includeInIndex = 1; lastKnownFileType = text.xcconfig; name = Pods.release.xcconfig; path = "Pods/Target Support Files/Pods/Pods.release.xcconfig"; sourceTree = "<group>"; };
		A80754241CEA9F56004ABC0D /* JYConstant.swift */ = {isa = PBXFileReference; fileEncoding = 4; lastKnownFileType = sourcecode.swift; path = JYConstant.swift; sourceTree = "<group>"; };
		A80754261CEAA709004ABC0D /* JYAPIClient.swift */ = {isa = PBXFileReference; fileEncoding = 4; lastKnownFileType = sourcecode.swift; path = JYAPIClient.swift; sourceTree = "<group>"; };
		A80875B11CF94E5300B3167A /* HomeDetailHeadView.swift */ = {isa = PBXFileReference; fileEncoding = 4; lastKnownFileType = sourcecode.swift; path = HomeDetailHeadView.swift; sourceTree = "<group>"; };
		A8087F1D1CF56E24005DB30A /* TPPushDemandTopView.h */ = {isa = PBXFileReference; fileEncoding = 4; lastKnownFileType = sourcecode.c.h; path = TPPushDemandTopView.h; sourceTree = "<group>"; };
		A8087F1E1CF56E24005DB30A /* TPPushDemandTopView.m */ = {isa = PBXFileReference; fileEncoding = 4; lastKnownFileType = sourcecode.c.objc; path = TPPushDemandTopView.m; sourceTree = "<group>"; };
		A8105C3E1CEC008300F25778 /* MineViewController.swift */ = {isa = PBXFileReference; fileEncoding = 4; lastKnownFileType = sourcecode.swift; path = MineViewController.swift; sourceTree = "<group>"; };
		A8105C501CEC628100F25778 /* Reflect+ArcFile.swift */ = {isa = PBXFileReference; fileEncoding = 4; lastKnownFileType = sourcecode.swift; path = "Reflect+ArcFile.swift"; sourceTree = "<group>"; };
		A8105C521CEC628100F25778 /* Reflect+Parse.swift */ = {isa = PBXFileReference; fileEncoding = 4; lastKnownFileType = sourcecode.swift; path = "Reflect+Parse.swift"; sourceTree = "<group>"; };
		A8105C541CEC628100F25778 /* Reflect+Convert.swift */ = {isa = PBXFileReference; fileEncoding = 4; lastKnownFileType = sourcecode.swift; path = "Reflect+Convert.swift"; sourceTree = "<group>"; };
		A8105C561CEC628100F25778 /* Reflect+Class.swift */ = {isa = PBXFileReference; fileEncoding = 4; lastKnownFileType = sourcecode.swift; path = "Reflect+Class.swift"; sourceTree = "<group>"; };
		A8105C571CEC628100F25778 /* Reflect+Other.swift */ = {isa = PBXFileReference; fileEncoding = 4; lastKnownFileType = sourcecode.swift; path = "Reflect+Other.swift"; sourceTree = "<group>"; };
		A8105C581CEC628100F25778 /* Reflect+Property.swift */ = {isa = PBXFileReference; fileEncoding = 4; lastKnownFileType = sourcecode.swift; path = "Reflect+Property.swift"; sourceTree = "<group>"; };
		A8105C591CEC628100F25778 /* Reflect+Type.swift */ = {isa = PBXFileReference; fileEncoding = 4; lastKnownFileType = sourcecode.swift; path = "Reflect+Type.swift"; sourceTree = "<group>"; };
		A8105C5A1CEC628100F25778 /* Reflect.swift */ = {isa = PBXFileReference; fileEncoding = 4; lastKnownFileType = sourcecode.swift; path = Reflect.swift; sourceTree = "<group>"; };
		A8105C671CEC62FF00F25778 /* JYNavBarViewController.swift */ = {isa = PBXFileReference; fileEncoding = 4; lastKnownFileType = sourcecode.swift; path = JYNavBarViewController.swift; sourceTree = "<group>"; };
		A8105C691CEC630600F25778 /* JYHomeBottomView.swift */ = {isa = PBXFileReference; fileEncoding = 4; lastKnownFileType = sourcecode.swift; path = JYHomeBottomView.swift; sourceTree = "<group>"; };
		A8105C6F1CEC636E00F25778 /* DestinationHots.swift */ = {isa = PBXFileReference; fileEncoding = 4; lastKnownFileType = sourcecode.swift; path = DestinationHots.swift; sourceTree = "<group>"; };
		A8105C711CEC63AD00F25778 /* DestinationViewController.swift */ = {isa = PBXFileReference; fileEncoding = 4; lastKnownFileType = sourcecode.swift; path = DestinationViewController.swift; sourceTree = "<group>"; };
		A8105C7B1CEC7EF200F25778 /* DestCell.swift */ = {isa = PBXFileReference; fileEncoding = 4; lastKnownFileType = sourcecode.swift; path = DestCell.swift; sourceTree = "<group>"; };
		A8105CB81CECB5DC00F25778 /* FilterFreedoms.swift */ = {isa = PBXFileReference; fileEncoding = 4; lastKnownFileType = sourcecode.swift; path = FilterFreedoms.swift; sourceTree = "<group>"; };
		A8105CBC1CECB60800F25778 /* HomeViewController.swift */ = {isa = PBXFileReference; fileEncoding = 4; lastKnownFileType = sourcecode.swift; path = HomeViewController.swift; sourceTree = "<group>"; };
		A83318481CF9680F0001F084 /* TPRatingStart.h */ = {isa = PBXFileReference; fileEncoding = 4; lastKnownFileType = sourcecode.c.h; path = TPRatingStart.h; sourceTree = "<group>"; };
		A83318491CF9680F0001F084 /* TPRatingStart.m */ = {isa = PBXFileReference; fileEncoding = 4; lastKnownFileType = sourcecode.c.objc; path = TPRatingStart.m; sourceTree = "<group>"; };
		A833184B1CF989C10001F084 /* HomeDetailFootView.swift */ = {isa = PBXFileReference; fileEncoding = 4; lastKnownFileType = sourcecode.swift; path = HomeDetailFootView.swift; sourceTree = "<group>"; };
		A83C14F01CF2F58F00C493F3 /* Bridge-Header.h */ = {isa = PBXFileReference; fileEncoding = 4; lastKnownFileType = sourcecode.c.h; path = "Bridge-Header.h"; sourceTree = "<group>"; };
		A83C14F11CF2FA1500C493F3 /* OCconstant.h */ = {isa = PBXFileReference; lastKnownFileType = sourcecode.c.h; path = OCconstant.h; sourceTree = "<group>"; };
		A87C1DC21CE9A24D00E0285F /* JuYou.app */ = {isa = PBXFileReference; explicitFileType = wrapper.application; includeInIndex = 0; path = JuYou.app; sourceTree = BUILT_PRODUCTS_DIR; };
		A87C1DC51CE9A24D00E0285F /* AppDelegate.swift */ = {isa = PBXFileReference; lastKnownFileType = sourcecode.swift; path = AppDelegate.swift; sourceTree = "<group>"; };
		A87C1DCC1CE9A24D00E0285F /* Base */ = {isa = PBXFileReference; lastKnownFileType = file.storyboard; name = Base; path = Base.lproj/Main.storyboard; sourceTree = "<group>"; };
		A87C1DCE1CE9A24D00E0285F /* Assets.xcassets */ = {isa = PBXFileReference; lastKnownFileType = folder.assetcatalog; path = Assets.xcassets; sourceTree = "<group>"; };
		A87C1DD11CE9A24D00E0285F /* Base */ = {isa = PBXFileReference; lastKnownFileType = file.storyboard; name = Base; path = Base.lproj/LaunchScreen.storyboard; sourceTree = "<group>"; };
		A87C1DD31CE9A24D00E0285F /* Info.plist */ = {isa = PBXFileReference; lastKnownFileType = text.plist.xml; path = Info.plist; sourceTree = "<group>"; };
		A87C1DD81CE9A24D00E0285F /* JuYouTests.xctest */ = {isa = PBXFileReference; explicitFileType = wrapper.cfbundle; includeInIndex = 0; path = JuYouTests.xctest; sourceTree = BUILT_PRODUCTS_DIR; };
		A87C1DDC1CE9A24D00E0285F /* JuYouTests.swift */ = {isa = PBXFileReference; lastKnownFileType = sourcecode.swift; path = JuYouTests.swift; sourceTree = "<group>"; };
		A87C1DDE1CE9A24D00E0285F /* Info.plist */ = {isa = PBXFileReference; lastKnownFileType = text.plist.xml; path = Info.plist; sourceTree = "<group>"; };
		A87C1DE31CE9A24D00E0285F /* JuYouUITests.xctest */ = {isa = PBXFileReference; explicitFileType = wrapper.cfbundle; includeInIndex = 0; path = JuYouUITests.xctest; sourceTree = BUILT_PRODUCTS_DIR; };
		A87C1DE71CE9A24E00E0285F /* JuYouUITests.swift */ = {isa = PBXFileReference; lastKnownFileType = sourcecode.swift; path = JuYouUITests.swift; sourceTree = "<group>"; };
		A87C1DE91CE9A24E00E0285F /* Info.plist */ = {isa = PBXFileReference; lastKnownFileType = text.plist.xml; path = Info.plist; sourceTree = "<group>"; };
		A87C1DFA1CE9A3A200E0285F /* JYNetWorking.swift */ = {isa = PBXFileReference; fileEncoding = 4; lastKnownFileType = sourcecode.swift; path = JYNetWorking.swift; sourceTree = "<group>"; };
		A8A45A081CF2969D00B33DFD /* HomeDetailViewController.swift */ = {isa = PBXFileReference; fileEncoding = 4; lastKnownFileType = sourcecode.swift; path = HomeDetailViewController.swift; sourceTree = "<group>"; };
		A8A45A0A1CF2987E00B33DFD /* BasicViewController.swift */ = {isa = PBXFileReference; fileEncoding = 4; lastKnownFileType = sourcecode.swift; path = BasicViewController.swift; sourceTree = "<group>"; };
		A8A45A0D1CF2D7B500B33DFD /* UIButton+Typesetting.swift */ = {isa = PBXFileReference; fileEncoding = 4; lastKnownFileType = sourcecode.swift; path = "UIButton+Typesetting.swift"; sourceTree = "<group>"; };
		A8A45A0E1CF2D7B500B33DFD /* UIImage+Color.swift */ = {isa = PBXFileReference; fileEncoding = 4; lastKnownFileType = sourcecode.swift; path = "UIImage+Color.swift"; sourceTree = "<group>"; };
		A8A45A0F1CF2D7B500B33DFD /* UImage+Size.swift */ = {isa = PBXFileReference; fileEncoding = 4; lastKnownFileType = sourcecode.swift; path = "UImage+Size.swift"; sourceTree = "<group>"; };
		A8A45A101CF2D7B500B33DFD /* UIView+DDAddition.swift */ = {isa = PBXFileReference; fileEncoding = 4; lastKnownFileType = sourcecode.swift; path = "UIView+DDAddition.swift"; sourceTree = "<group>"; };
		A8A45A111CF2D7B500B33DFD /* UIView+screenshots.swift */ = {isa = PBXFileReference; fileEncoding = 4; lastKnownFileType = sourcecode.swift; path = "UIView+screenshots.swift"; sourceTree = "<group>"; };
		A8A45A121CF2D7B500B33DFD /* UIViewController+Loading.swift */ = {isa = PBXFileReference; fileEncoding = 4; lastKnownFileType = sourcecode.swift; path = "UIViewController+Loading.swift"; sourceTree = "<group>"; };
		A8A45A1A1CF2D80F00B33DFD /* CoreAnimationEffect.swift */ = {isa = PBXFileReference; fileEncoding = 4; lastKnownFileType = sourcecode.swift; path = CoreAnimationEffect.swift; sourceTree = "<group>"; };
		A8A45A1B1CF2D80F00B33DFD /* JYCuxtomTool.swift */ = {isa = PBXFileReference; fileEncoding = 4; lastKnownFileType = sourcecode.swift; path = JYCuxtomTool.swift; sourceTree = "<group>"; };
		A8A45A1F1CF2D85000B33DFD /* SwiftyJSON.swift */ = {isa = PBXFileReference; fileEncoding = 4; lastKnownFileType = sourcecode.swift; path = SwiftyJSON.swift; sourceTree = "<group>"; };
		A8A45A211CF2D9FA00B33DFD /* FreedomDetail.swift */ = {isa = PBXFileReference; fileEncoding = 4; lastKnownFileType = sourcecode.swift; path = FreedomDetail.swift; sourceTree = "<group>"; };
		A8BA47161CED432F00FB8916 /* IsHotCell.swift */ = {isa = PBXFileReference; fileEncoding = 4; lastKnownFileType = sourcecode.swift; path = IsHotCell.swift; sourceTree = "<group>"; };
		A8BA47181CED928700FB8916 /* ISHotHeadView.swift */ = {isa = PBXFileReference; fileEncoding = 4; lastKnownFileType = sourcecode.swift; path = ISHotHeadView.swift; sourceTree = "<group>"; };
		A8BA47631CED9C8400FB8916 /* AuxiliaryModels.swift */ = {isa = PBXFileReference; fileEncoding = 4; lastKnownFileType = sourcecode.swift; path = AuxiliaryModels.swift; sourceTree = "<group>"; };
		A8BA47641CED9C8400FB8916 /* CyclePictureCell.swift */ = {isa = PBXFileReference; fileEncoding = 4; lastKnownFileType = sourcecode.swift; path = CyclePictureCell.swift; sourceTree = "<group>"; };
		A8BA47651CED9C8400FB8916 /* CyclePictureView.swift */ = {isa = PBXFileReference; fileEncoding = 4; lastKnownFileType = sourcecode.swift; path = CyclePictureView.swift; sourceTree = "<group>"; };
		A8BA47691CEDAEDA00FB8916 /* JYHomeHeadView.swift */ = {isa = PBXFileReference; fileEncoding = 4; lastKnownFileType = sourcecode.swift; path = JYHomeHeadView.swift; sourceTree = "<group>"; };
		A8BA476C1CEDB64600FB8916 /* AFNetworking.framework */ = {isa = PBXFileReference; lastKnownFileType = wrapper.framework; name = AFNetworking.framework; path = "../../Library/Developer/Xcode/DerivedData/JuYou-hicrdoiildyfyeezhfzidwpvotno/Build/Products/Debug-iphoneos/AFNetworking.framework"; sourceTree = "<group>"; };
		A8BA476D1CEDB64600FB8916 /* Alamofire.framework */ = {isa = PBXFileReference; lastKnownFileType = wrapper.framework; name = Alamofire.framework; path = "../../Library/Developer/Xcode/DerivedData/JuYou-hicrdoiildyfyeezhfzidwpvotno/Build/Products/Debug-iphoneos/Alamofire.framework"; sourceTree = "<group>"; };
		A8BA476E1CEDB64600FB8916 /* FDFullscreenPopGesture.framework */ = {isa = PBXFileReference; lastKnownFileType = wrapper.framework; name = FDFullscreenPopGesture.framework; path = "../../Library/Developer/Xcode/DerivedData/JuYou-hicrdoiildyfyeezhfzidwpvotno/Build/Products/Debug-iphoneos/FDFullscreenPopGesture.framework"; sourceTree = "<group>"; };
		A8BA476F1CEDB64600FB8916 /* JGProgressHUD.framework */ = {isa = PBXFileReference; lastKnownFileType = wrapper.framework; name = JGProgressHUD.framework; path = "../../Library/Developer/Xcode/DerivedData/JuYou-hicrdoiildyfyeezhfzidwpvotno/Build/Products/Debug-iphoneos/JGProgressHUD.framework"; sourceTree = "<group>"; };
		A8BA47701CEDB64600FB8916 /* MJRefresh.framework */ = {isa = PBXFileReference; lastKnownFileType = wrapper.framework; name = MJRefresh.framework; path = "../../Library/Developer/Xcode/DerivedData/JuYou-hicrdoiildyfyeezhfzidwpvotno/Build/Products/Debug-iphoneos/MJRefresh.framework"; sourceTree = "<group>"; };
		A8BA47711CEDB64600FB8916 /* ReactiveCocoa.framework */ = {isa = PBXFileReference; lastKnownFileType = wrapper.framework; name = ReactiveCocoa.framework; path = "../../Library/Developer/Xcode/DerivedData/JuYou-hicrdoiildyfyeezhfzidwpvotno/Build/Products/Debug-iphoneos/ReactiveCocoa.framework"; sourceTree = "<group>"; };
		A8BA47721CEDB64600FB8916 /* Result.framework */ = {isa = PBXFileReference; lastKnownFileType = wrapper.framework; name = Result.framework; path = "../../Library/Developer/Xcode/DerivedData/JuYou-hicrdoiildyfyeezhfzidwpvotno/Build/Products/Debug-iphoneos/Result.framework"; sourceTree = "<group>"; };
		A8BA47731CEDB64600FB8916 /* SDWebImage.framework */ = {isa = PBXFileReference; lastKnownFileType = wrapper.framework; name = SDWebImage.framework; path = "../../Library/Developer/Xcode/DerivedData/JuYou-hicrdoiildyfyeezhfzidwpvotno/Build/Products/Debug-iphoneos/SDWebImage.framework"; sourceTree = "<group>"; };
		A8E834341CF2EE6200BA5166 /* LvInputView.h */ = {isa = PBXFileReference; fileEncoding = 4; lastKnownFileType = sourcecode.c.h; path = LvInputView.h; sourceTree = "<group>"; };
		A8E834351CF2EE6200BA5166 /* LvInputView.m */ = {isa = PBXFileReference; fileEncoding = 4; lastKnownFileType = sourcecode.c.objc; path = LvInputView.m; sourceTree = "<group>"; };
		A8E834361CF2EE6200BA5166 /* LvInputView.xib */ = {isa = PBXFileReference; fileEncoding = 4; lastKnownFileType = file.xib; path = LvInputView.xib; sourceTree = "<group>"; };
		A8E834391CF2EECF00BA5166 /* MTColor.h */ = {isa = PBXFileReference; fileEncoding = 4; lastKnownFileType = sourcecode.c.h; path = MTColor.h; sourceTree = "<group>"; };
		A8E8343A1CF2EECF00BA5166 /* MTColor.m */ = {isa = PBXFileReference; fileEncoding = 4; lastKnownFileType = sourcecode.c.objc; path = MTColor.m; sourceTree = "<group>"; };
		A8E8343C1CF2EEF600BA5166 /* UIColor+LJ.h */ = {isa = PBXFileReference; fileEncoding = 4; lastKnownFileType = sourcecode.c.h; path = "UIColor+LJ.h"; sourceTree = "<group>"; };
		A8E8343D1CF2EEF600BA5166 /* UIColor+LJ.m */ = {isa = PBXFileReference; fileEncoding = 4; lastKnownFileType = sourcecode.c.objc; path = "UIColor+LJ.m"; sourceTree = "<group>"; };
		A8E8343F1CF2EF4800BA5166 /* NSString+NSPredicate.h */ = {isa = PBXFileReference; fileEncoding = 4; lastKnownFileType = sourcecode.c.h; path = "NSString+NSPredicate.h"; sourceTree = "<group>"; };
		A8E834401CF2EF4800BA5166 /* NSString+NSPredicate.m */ = {isa = PBXFileReference; fileEncoding = 4; lastKnownFileType = sourcecode.c.objc; path = "NSString+NSPredicate.m"; sourceTree = "<group>"; };
		A8FE6B251CF2E97300EF32B3 /* changPersonInfn.storyboard */ = {isa = PBXFileReference; fileEncoding = 4; lastKnownFileType = file.storyboard; path = changPersonInfn.storyboard; sourceTree = "<group>"; };
		A8FE6B261CF2E97300EF32B3 /* LJChangePassWordViewController.h */ = {isa = PBXFileReference; fileEncoding = 4; lastKnownFileType = sourcecode.c.h; path = LJChangePassWordViewController.h; sourceTree = "<group>"; };
		A8FE6B271CF2E97300EF32B3 /* LJChangePassWordViewController.m */ = {isa = PBXFileReference; fileEncoding = 4; lastKnownFileType = sourcecode.c.objc; path = LJChangePassWordViewController.m; sourceTree = "<group>"; };
		A8FE6B281CF2E97300EF32B3 /* LJChangePassWordViewController.xib */ = {isa = PBXFileReference; fileEncoding = 4; lastKnownFileType = file.xib; path = LJChangePassWordViewController.xib; sourceTree = "<group>"; };
		A8FE6B291CF2E97300EF32B3 /* LJChangePersonInfoController.h */ = {isa = PBXFileReference; fileEncoding = 4; lastKnownFileType = sourcecode.c.h; path = LJChangePersonInfoController.h; sourceTree = "<group>"; };
		A8FE6B2A1CF2E97300EF32B3 /* LJChangePersonInfoController.m */ = {isa = PBXFileReference; fileEncoding = 4; lastKnownFileType = sourcecode.c.objc; path = LJChangePersonInfoController.m; sourceTree = "<group>"; };
		A8FE6B2B1CF2E97300EF32B3 /* LJFindPasswordViewController.h */ = {isa = PBXFileReference; fileEncoding = 4; lastKnownFileType = sourcecode.c.h; path = LJFindPasswordViewController.h; sourceTree = "<group>"; };
		A8FE6B2C1CF2E97300EF32B3 /* LJFindPasswordViewController.m */ = {isa = PBXFileReference; fileEncoding = 4; lastKnownFileType = sourcecode.c.objc; path = LJFindPasswordViewController.m; sourceTree = "<group>"; };
		A8FE6B2D1CF2E97300EF32B3 /* LJFindPasswordViewController.xib */ = {isa = PBXFileReference; fileEncoding = 4; lastKnownFileType = file.xib; path = LJFindPasswordViewController.xib; sourceTree = "<group>"; };
		A8FE6B2E1CF2E97300EF32B3 /* LJLooginViewController.h */ = {isa = PBXFileReference; fileEncoding = 4; lastKnownFileType = sourcecode.c.h; path = LJLooginViewController.h; sourceTree = "<group>"; };
		A8FE6B2F1CF2E97300EF32B3 /* LJLooginViewController.m */ = {isa = PBXFileReference; fileEncoding = 4; lastKnownFileType = sourcecode.c.objc; path = LJLooginViewController.m; sourceTree = "<group>"; };
		A8FE6B301CF2E97300EF32B3 /* LJLooginViewController.xib */ = {isa = PBXFileReference; fileEncoding = 4; lastKnownFileType = file.xib; path = LJLooginViewController.xib; sourceTree = "<group>"; };
		A8FE6B311CF2E97300EF32B3 /* LJPersonalTableViewController.h */ = {isa = PBXFileReference; fileEncoding = 4; lastKnownFileType = sourcecode.c.h; path = LJPersonalTableViewController.h; sourceTree = "<group>"; };
		A8FE6B321CF2E97300EF32B3 /* LJPersonalTableViewController.m */ = {isa = PBXFileReference; fileEncoding = 4; lastKnownFileType = sourcecode.c.objc; path = LJPersonalTableViewController.m; sourceTree = "<group>"; };
		A8FE6B331CF2E97300EF32B3 /* LJRegisterViewController.h */ = {isa = PBXFileReference; fileEncoding = 4; lastKnownFileType = sourcecode.c.h; path = LJRegisterViewController.h; sourceTree = "<group>"; };
		A8FE6B341CF2E97300EF32B3 /* LJRegisterViewController.m */ = {isa = PBXFileReference; fileEncoding = 4; lastKnownFileType = sourcecode.c.objc; path = LJRegisterViewController.m; sourceTree = "<group>"; };
		A8FE6B351CF2E97300EF32B3 /* LJRegisterViewController.xib */ = {isa = PBXFileReference; fileEncoding = 4; lastKnownFileType = file.xib; path = LJRegisterViewController.xib; sourceTree = "<group>"; };
		A8FE6B361CF2E97300EF32B3 /* MTChangePassWordController.h */ = {isa = PBXFileReference; fileEncoding = 4; lastKnownFileType = sourcecode.c.h; path = MTChangePassWordController.h; sourceTree = "<group>"; };
		A8FE6B371CF2E97300EF32B3 /* MTChangePassWordController.m */ = {isa = PBXFileReference; fileEncoding = 4; lastKnownFileType = sourcecode.c.objc; path = MTChangePassWordController.m; sourceTree = "<group>"; };
		A8FE6B381CF2E97300EF32B3 /* MTChangePassWordController.xib */ = {isa = PBXFileReference; fileEncoding = 4; lastKnownFileType = file.xib; path = MTChangePassWordController.xib; sourceTree = "<group>"; };
		A8FE6B421CF2E97300EF32B3 /* MTUser.h */ = {isa = PBXFileReference; fileEncoding = 4; lastKnownFileType = sourcecode.c.h; path = MTUser.h; sourceTree = "<group>"; };
		A8FE6B431CF2E97300EF32B3 /* MTUser.m */ = {isa = PBXFileReference; fileEncoding = 4; lastKnownFileType = sourcecode.c.objc; path = MTUser.m; sourceTree = "<group>"; };
		A8FE6B441CF2E97300EF32B3 /* YYAccountTool.h */ = {isa = PBXFileReference; fileEncoding = 4; lastKnownFileType = sourcecode.c.h; path = YYAccountTool.h; sourceTree = "<group>"; };
		A8FE6B451CF2E97300EF32B3 /* YYAccountTool.m */ = {isa = PBXFileReference; fileEncoding = 4; lastKnownFileType = sourcecode.c.objc; path = YYAccountTool.m; sourceTree = "<group>"; };
		A8FE6B471CF2E97300EF32B3 /* TPLoginMaster.h */ = {isa = PBXFileReference; fileEncoding = 4; lastKnownFileType = sourcecode.c.h; path = TPLoginMaster.h; sourceTree = "<group>"; };
		A8FE6B481CF2E97300EF32B3 /* TPLoginMaster.m */ = {isa = PBXFileReference; fileEncoding = 4; lastKnownFileType = sourcecode.c.objc; path = TPLoginMaster.m; sourceTree = "<group>"; };
		A8FE6B4A1CF2E97300EF32B3 /* LJHeadImageCell.h */ = {isa = PBXFileReference; fileEncoding = 4; lastKnownFileType = sourcecode.c.h; path = LJHeadImageCell.h; sourceTree = "<group>"; };
		A8FE6B4B1CF2E97300EF32B3 /* LJHeadImageCell.m */ = {isa = PBXFileReference; fileEncoding = 4; lastKnownFileType = sourcecode.c.objc; path = LJHeadImageCell.m; sourceTree = "<group>"; };
		A8FE6B4C1CF2E97300EF32B3 /* LJHeadImageCell.xib */ = {isa = PBXFileReference; fileEncoding = 4; lastKnownFileType = file.xib; path = LJHeadImageCell.xib; sourceTree = "<group>"; };
		A8FE6B4D1CF2E97300EF32B3 /* LvUIPickerViewOne.h */ = {isa = PBXFileReference; fileEncoding = 4; lastKnownFileType = sourcecode.c.h; path = LvUIPickerViewOne.h; sourceTree = "<group>"; };
		A8FE6B4E1CF2E97300EF32B3 /* LvUIPickerViewOne.m */ = {isa = PBXFileReference; fileEncoding = 4; lastKnownFileType = sourcecode.c.objc; path = LvUIPickerViewOne.m; sourceTree = "<group>"; };
		A8FE6B4F1CF2E97300EF32B3 /* LvUIPickerViewOne.xib */ = {isa = PBXFileReference; fileEncoding = 4; lastKnownFileType = file.xib; path = LvUIPickerViewOne.xib; sourceTree = "<group>"; };
		A8FE6B711CF2E9A800EF32B3 /* TPBasicViewController.h */ = {isa = PBXFileReference; fileEncoding = 4; lastKnownFileType = sourcecode.c.h; path = TPBasicViewController.h; sourceTree = "<group>"; };
		A8FE6B721CF2E9A800EF32B3 /* TPBasicViewController.m */ = {isa = PBXFileReference; fileEncoding = 4; lastKnownFileType = sourcecode.c.objc; path = TPBasicViewController.m; sourceTree = "<group>"; };
		A8FE6B741CF2EA0A00EF32B3 /* TPWeekRecommendTopView.h */ = {isa = PBXFileReference; fileEncoding = 4; lastKnownFileType = sourcecode.c.h; path = TPWeekRecommendTopView.h; sourceTree = "<group>"; };
		A8FE6B751CF2EA0A00EF32B3 /* TPWeekRecommendTopView.m */ = {isa = PBXFileReference; fileEncoding = 4; lastKnownFileType = sourcecode.c.objc; path = TPWeekRecommendTopView.m; sourceTree = "<group>"; };
		A8FE6B7A1CF2EC4300EF32B3 /* NSString+MD5.h */ = {isa = PBXFileReference; fileEncoding = 4; lastKnownFileType = sourcecode.c.h; path = "NSString+MD5.h"; sourceTree = "<group>"; };
		A8FE6B7B1CF2EC4300EF32B3 /* NSString+MD5.m */ = {isa = PBXFileReference; fileEncoding = 4; lastKnownFileType = sourcecode.c.objc; path = "NSString+MD5.m"; sourceTree = "<group>"; };
		B2BE6D758F347E1E3CB70D87 /* Pods.framework */ = {isa = PBXFileReference; explicitFileType = wrapper.framework; includeInIndex = 0; path = Pods.framework; sourceTree = BUILT_PRODUCTS_DIR; };
		F92A0CBB81C7838B662D31E9 /* Pods.debug.xcconfig */ = {isa = PBXFileReference; includeInIndex = 1; lastKnownFileType = text.xcconfig; name = Pods.debug.xcconfig; path = "Pods/Target Support Files/Pods/Pods.debug.xcconfig"; sourceTree = "<group>"; };
/* End PBXFileReference section */

/* Begin PBXFrameworksBuildPhase section */
		A87C1DBF1CE9A24D00E0285F /* Frameworks */ = {
			isa = PBXFrameworksBuildPhase;
			buildActionMask = 2147483647;
			files = (
				A8BA47751CEDB64600FB8916 /* Alamofire.framework in Frameworks */,
				A8BA47771CEDB64600FB8916 /* JGProgressHUD.framework in Frameworks */,
				A8BA47781CEDB64600FB8916 /* MJRefresh.framework in Frameworks */,
				A8BA477B1CEDB64600FB8916 /* SDWebImage.framework in Frameworks */,
				7E18E0F80119EA6BC0879440 /* Pods.framework in Frameworks */,
			);
			runOnlyForDeploymentPostprocessing = 0;
		};
		A87C1DD51CE9A24D00E0285F /* Frameworks */ = {
			isa = PBXFrameworksBuildPhase;
			buildActionMask = 2147483647;
			files = (
			);
			runOnlyForDeploymentPostprocessing = 0;
		};
		A87C1DE01CE9A24D00E0285F /* Frameworks */ = {
			isa = PBXFrameworksBuildPhase;
			buildActionMask = 2147483647;
			files = (
			);
			runOnlyForDeploymentPostprocessing = 0;
		};
/* End PBXFrameworksBuildPhase section */

/* Begin PBXGroup section */
		2FB776A84A5969C20E240F17 /* Frameworks */ = {
			isa = PBXGroup;
			children = (
				A8BA476C1CEDB64600FB8916 /* AFNetworking.framework */,
				A8BA476D1CEDB64600FB8916 /* Alamofire.framework */,
				A8BA476E1CEDB64600FB8916 /* FDFullscreenPopGesture.framework */,
				A8BA476F1CEDB64600FB8916 /* JGProgressHUD.framework */,
				A8BA47701CEDB64600FB8916 /* MJRefresh.framework */,
				A8BA47711CEDB64600FB8916 /* ReactiveCocoa.framework */,
				A8BA47721CEDB64600FB8916 /* Result.framework */,
				A8BA47731CEDB64600FB8916 /* SDWebImage.framework */,
				B2BE6D758F347E1E3CB70D87 /* Pods.framework */,
			);
			name = Frameworks;
			sourceTree = "<group>";
		};
		67593D02065C694282331EDE /* Pods */ = {
			isa = PBXGroup;
			children = (
				F92A0CBB81C7838B662D31E9 /* Pods.debug.xcconfig */,
				547493131F3A54D7BEB20001 /* Pods.release.xcconfig */,
			);
			name = Pods;
			sourceTree = "<group>";
		};
		A8105C441CEC3EC000F25778 /* Pubilc */ = {
			isa = PBXGroup;
			children = (
				A8A45A191CF2D7E100B33DFD /* Tools */,
				A8A45A0C1CF2D78700B33DFD /* Extension */,
				A8A45A0A1CF2987E00B33DFD /* BasicViewController.swift */,
			);
			path = Pubilc;
			sourceTree = "<group>";
		};
		A8105C4D1CEC626400F25778 /* ThirdParty */ = {
			isa = PBXGroup;
			children = (
				A8A45A1E1CF2D85000B33DFD /* SwiftyJSON */,
				A8BA47621CED9C8400FB8916 /* CyclePictureView */,
				A8105C4E1CEC628100F25778 /* Reflect */,
			);
			path = ThirdParty;
			sourceTree = "<group>";
		};
		A8105C4E1CEC628100F25778 /* Reflect */ = {
			isa = PBXGroup;
			children = (
				A8105C4F1CEC628100F25778 /* Coding */,
				A8105C511CEC628100F25778 /* Dict2Model */,
				A8105C531CEC628100F25778 /* Model2Dict */,
				A8105C551CEC628100F25778 /* Reflect */,
				A8105C5A1CEC628100F25778 /* Reflect.swift */,
			);
			path = Reflect;
			sourceTree = "<group>";
		};
		A8105C4F1CEC628100F25778 /* Coding */ = {
			isa = PBXGroup;
			children = (
				A8105C501CEC628100F25778 /* Reflect+ArcFile.swift */,
			);
			path = Coding;
			sourceTree = "<group>";
		};
		A8105C511CEC628100F25778 /* Dict2Model */ = {
			isa = PBXGroup;
			children = (
				A8105C521CEC628100F25778 /* Reflect+Parse.swift */,
			);
			path = Dict2Model;
			sourceTree = "<group>";
		};
		A8105C531CEC628100F25778 /* Model2Dict */ = {
			isa = PBXGroup;
			children = (
				A8105C541CEC628100F25778 /* Reflect+Convert.swift */,
			);
			path = Model2Dict;
			sourceTree = "<group>";
		};
		A8105C551CEC628100F25778 /* Reflect */ = {
			isa = PBXGroup;
			children = (
				A8105C561CEC628100F25778 /* Reflect+Class.swift */,
				A8105C571CEC628100F25778 /* Reflect+Other.swift */,
				A8105C581CEC628100F25778 /* Reflect+Property.swift */,
				A8105C591CEC628100F25778 /* Reflect+Type.swift */,
			);
			path = Reflect;
			sourceTree = "<group>";
		};
		A8105C631CEC62CE00F25778 /* NavBar */ = {
			isa = PBXGroup;
			children = (
				A8105C661CEC62F400F25778 /* ViewController */,
				A8105C641CEC62D900F25778 /* View */,
			);
			path = NavBar;
			sourceTree = "<group>";
		};
		A8105C641CEC62D900F25778 /* View */ = {
			isa = PBXGroup;
			children = (
				A8105C691CEC630600F25778 /* JYHomeBottomView.swift */,
				A8BA47691CEDAEDA00FB8916 /* JYHomeHeadView.swift */,
			);
			path = View;
			sourceTree = "<group>";
		};
		A8105C661CEC62F400F25778 /* ViewController */ = {
			isa = PBXGroup;
			children = (
				A8105C671CEC62FF00F25778 /* JYNavBarViewController.swift */,
				A83C14F01CF2F58F00C493F3 /* Bridge-Header.h */,
			);
			path = ViewController;
			sourceTree = "<group>";
		};
		A8105C6B1CEC633A00F25778 /* Destination */ = {
			isa = PBXGroup;
			children = (
				A8105C6E1CEC635700F25778 /* Model */,
				A8105C6D1CEC634E00F25778 /* ViewController */,
				A8105C6C1CEC634400F25778 /* View */,
			);
			path = Destination;
			sourceTree = "<group>";
		};
		A8105C6C1CEC634400F25778 /* View */ = {
			isa = PBXGroup;
			children = (
				A8105C7B1CEC7EF200F25778 /* DestCell.swift */,
			);
			path = View;
			sourceTree = "<group>";
		};
		A8105C6D1CEC634E00F25778 /* ViewController */ = {
			isa = PBXGroup;
			children = (
				A8105C711CEC63AD00F25778 /* DestinationViewController.swift */,
			);
			path = ViewController;
			sourceTree = "<group>";
		};
		A8105C6E1CEC635700F25778 /* Model */ = {
			isa = PBXGroup;
			children = (
				A8105C6F1CEC636E00F25778 /* DestinationHots.swift */,
			);
			path = Model;
			sourceTree = "<group>";
		};
		A8105CB61CECB5CB00F25778 /* Home */ = {
			isa = PBXGroup;
			children = (
				A8105CBB1CECB5FB00F25778 /* VIewController */,
				A8105CBA1CECB5EE00F25778 /* VIew */,
				A8105CB71CECB5D400F25778 /* Model */,
			);
			path = Home;
			sourceTree = "<group>";
		};
		A8105CB71CECB5D400F25778 /* Model */ = {
			isa = PBXGroup;
			children = (
				A8105CB81CECB5DC00F25778 /* FilterFreedoms.swift */,
				A8A45A211CF2D9FA00B33DFD /* FreedomDetail.swift */,
			);
			path = Model;
			sourceTree = "<group>";
		};
		A8105CBA1CECB5EE00F25778 /* VIew */ = {
			isa = PBXGroup;
			children = (
				A8BA47161CED432F00FB8916 /* IsHotCell.swift */,
				A8BA47181CED928700FB8916 /* ISHotHeadView.swift */,
				A80875B11CF94E5300B3167A /* HomeDetailHeadView.swift */,
				A833184B1CF989C10001F084 /* HomeDetailFootView.swift */,
			);
			path = VIew;
			sourceTree = "<group>";
		};
		A8105CBB1CECB5FB00F25778 /* VIewController */ = {
			isa = PBXGroup;
			children = (
				A8105CBC1CECB60800F25778 /* HomeViewController.swift */,
				A8A45A081CF2969D00B33DFD /* HomeDetailViewController.swift */,
			);
			path = VIewController;
			sourceTree = "<group>";
		};
		A87C1DB91CE9A24D00E0285F = {
			isa = PBXGroup;
			children = (
				A87C1DC41CE9A24D00E0285F /* JuYou */,
				A87C1DDB1CE9A24D00E0285F /* JuYouTests */,
				A87C1DE61CE9A24D00E0285F /* JuYouUITests */,
				A87C1DC31CE9A24D00E0285F /* Products */,
				67593D02065C694282331EDE /* Pods */,
				2FB776A84A5969C20E240F17 /* Frameworks */,
			);
			sourceTree = "<group>";
		};
		A87C1DC31CE9A24D00E0285F /* Products */ = {
			isa = PBXGroup;
			children = (
				A87C1DC21CE9A24D00E0285F /* JuYou.app */,
				A87C1DD81CE9A24D00E0285F /* JuYouTests.xctest */,
				A87C1DE31CE9A24D00E0285F /* JuYouUITests.xctest */,
			);
			name = Products;
			sourceTree = "<group>";
		};
		A87C1DC41CE9A24D00E0285F /* JuYou */ = {
			isa = PBXGroup;
			children = (
				A8105C4D1CEC626400F25778 /* ThirdParty */,
				A8105C441CEC3EC000F25778 /* Pubilc */,
				A87C1DF91CE9A3A200E0285F /* NetWorking */,
				A87C1DC51CE9A24D00E0285F /* AppDelegate.swift */,
				A8FE6B231CF2E97300EF32B3 /* LoginandRegist */,
				A8105C631CEC62CE00F25778 /* NavBar */,
				A8105C6B1CEC633A00F25778 /* Destination */,
				A8105CB61CECB5CB00F25778 /* Home */,
				A8105C3E1CEC008300F25778 /* MineViewController.swift */,
				A87C1DCB1CE9A24D00E0285F /* Main.storyboard */,
				A87C1DCE1CE9A24D00E0285F /* Assets.xcassets */,
				A87C1DD01CE9A24D00E0285F /* LaunchScreen.storyboard */,
				A87C1DD31CE9A24D00E0285F /* Info.plist */,
			);
			path = JuYou;
			sourceTree = "<group>";
		};
		A87C1DDB1CE9A24D00E0285F /* JuYouTests */ = {
			isa = PBXGroup;
			children = (
				A87C1DDC1CE9A24D00E0285F /* JuYouTests.swift */,
				A87C1DDE1CE9A24D00E0285F /* Info.plist */,
			);
			path = JuYouTests;
			sourceTree = "<group>";
		};
		A87C1DE61CE9A24D00E0285F /* JuYouUITests */ = {
			isa = PBXGroup;
			children = (
				A87C1DE71CE9A24E00E0285F /* JuYouUITests.swift */,
				A87C1DE91CE9A24E00E0285F /* Info.plist */,
			);
			path = JuYouUITests;
			sourceTree = "<group>";
		};
		A87C1DF91CE9A3A200E0285F /* NetWorking */ = {
			isa = PBXGroup;
			children = (
				A80754241CEA9F56004ABC0D /* JYConstant.swift */,
				A87C1DFA1CE9A3A200E0285F /* JYNetWorking.swift */,
				A80754261CEAA709004ABC0D /* JYAPIClient.swift */,
			);
			path = NetWorking;
			sourceTree = "<group>";
		};
		A8A45A0C1CF2D78700B33DFD /* Extension */ = {
			isa = PBXGroup;
			children = (
				A8A45A0D1CF2D7B500B33DFD /* UIButton+Typesetting.swift */,
				A8A45A0E1CF2D7B500B33DFD /* UIImage+Color.swift */,
				A8A45A0F1CF2D7B500B33DFD /* UImage+Size.swift */,
				A8A45A101CF2D7B500B33DFD /* UIView+DDAddition.swift */,
				A8A45A111CF2D7B500B33DFD /* UIView+screenshots.swift */,
				A8A45A121CF2D7B500B33DFD /* UIViewController+Loading.swift */,
			);
			path = Extension;
			sourceTree = "<group>";
		};
		A8A45A191CF2D7E100B33DFD /* Tools */ = {
			isa = PBXGroup;
			children = (
				A8A45A1A1CF2D80F00B33DFD /* CoreAnimationEffect.swift */,
				A8A45A1B1CF2D80F00B33DFD /* JYCuxtomTool.swift */,
			);
			path = Tools;
			sourceTree = "<group>";
		};
		A8A45A1E1CF2D85000B33DFD /* SwiftyJSON */ = {
			isa = PBXGroup;
			children = (
				A8A45A1F1CF2D85000B33DFD /* SwiftyJSON.swift */,
			);
			path = SwiftyJSON;
			sourceTree = "<group>";
		};
		A8BA47621CED9C8400FB8916 /* CyclePictureView */ = {
			isa = PBXGroup;
			children = (
				A8BA47631CED9C8400FB8916 /* AuxiliaryModels.swift */,
				A8BA47641CED9C8400FB8916 /* CyclePictureCell.swift */,
				A8BA47651CED9C8400FB8916 /* CyclePictureView.swift */,
			);
			path = CyclePictureView;
			sourceTree = "<group>";
		};
		A8FE6B231CF2E97300EF32B3 /* LoginandRegist */ = {
			isa = PBXGroup;
			children = (
				A8FE6B241CF2E97300EF32B3 /* Controller */,
				A8FE6B411CF2E97300EF32B3 /* Model */,
				A8FE6B461CF2E97300EF32B3 /* Other */,
				A8FE6B491CF2E97300EF32B3 /* View */,
			);
			path = LoginandRegist;
			sourceTree = "<group>";
		};
		A8FE6B241CF2E97300EF32B3 /* Controller */ = {
			isa = PBXGroup;
			children = (
				A8FE6B711CF2E9A800EF32B3 /* TPBasicViewController.h */,
				A8FE6B721CF2E9A800EF32B3 /* TPBasicViewController.m */,
				A8FE6B251CF2E97300EF32B3 /* changPersonInfn.storyboard */,
				A8FE6B261CF2E97300EF32B3 /* LJChangePassWordViewController.h */,
				A8FE6B271CF2E97300EF32B3 /* LJChangePassWordViewController.m */,
				A8FE6B281CF2E97300EF32B3 /* LJChangePassWordViewController.xib */,
				A8FE6B291CF2E97300EF32B3 /* LJChangePersonInfoController.h */,
				A8FE6B2A1CF2E97300EF32B3 /* LJChangePersonInfoController.m */,
				A8FE6B2B1CF2E97300EF32B3 /* LJFindPasswordViewController.h */,
				A8FE6B2C1CF2E97300EF32B3 /* LJFindPasswordViewController.m */,
				A8FE6B2D1CF2E97300EF32B3 /* LJFindPasswordViewController.xib */,
				A8FE6B2E1CF2E97300EF32B3 /* LJLooginViewController.h */,
				A8FE6B2F1CF2E97300EF32B3 /* LJLooginViewController.m */,
				A8FE6B301CF2E97300EF32B3 /* LJLooginViewController.xib */,
				A8FE6B311CF2E97300EF32B3 /* LJPersonalTableViewController.h */,
				A8FE6B321CF2E97300EF32B3 /* LJPersonalTableViewController.m */,
				A8FE6B331CF2E97300EF32B3 /* LJRegisterViewController.h */,
				A8FE6B341CF2E97300EF32B3 /* LJRegisterViewController.m */,
				A8FE6B351CF2E97300EF32B3 /* LJRegisterViewController.xib */,
				A8FE6B361CF2E97300EF32B3 /* MTChangePassWordController.h */,
				A8FE6B371CF2E97300EF32B3 /* MTChangePassWordController.m */,
				A8FE6B381CF2E97300EF32B3 /* MTChangePassWordController.xib */,
				A83C14F11CF2FA1500C493F3 /* OCconstant.h */,
			);
			path = Controller;
			sourceTree = "<group>";
		};
		A8FE6B411CF2E97300EF32B3 /* Model */ = {
			isa = PBXGroup;
			children = (
				A8FE6B421CF2E97300EF32B3 /* MTUser.h */,
				A8FE6B431CF2E97300EF32B3 /* MTUser.m */,
				A8FE6B441CF2E97300EF32B3 /* YYAccountTool.h */,
				A8FE6B451CF2E97300EF32B3 /* YYAccountTool.m */,
			);
			path = Model;
			sourceTree = "<group>";
		};
		A8FE6B461CF2E97300EF32B3 /* Other */ = {
			isa = PBXGroup;
			children = (
				A8FE6B471CF2E97300EF32B3 /* TPLoginMaster.h */,
				A8FE6B481CF2E97300EF32B3 /* TPLoginMaster.m */,
				A8FE6B7A1CF2EC4300EF32B3 /* NSString+MD5.h */,
				A8FE6B7B1CF2EC4300EF32B3 /* NSString+MD5.m */,
				A8E834391CF2EECF00BA5166 /* MTColor.h */,
				A8E8343A1CF2EECF00BA5166 /* MTColor.m */,
				A8E8343C1CF2EEF600BA5166 /* UIColor+LJ.h */,
				A8E8343D1CF2EEF600BA5166 /* UIColor+LJ.m */,
				A8E8343F1CF2EF4800BA5166 /* NSString+NSPredicate.h */,
				A8E834401CF2EF4800BA5166 /* NSString+NSPredicate.m */,
			);
			path = Other;
			sourceTree = "<group>";
		};
		A8FE6B491CF2E97300EF32B3 /* View */ = {
			isa = PBXGroup;
			children = (
				A8087F1D1CF56E24005DB30A /* TPPushDemandTopView.h */,
				A8087F1E1CF56E24005DB30A /* TPPushDemandTopView.m */,
				A8E834341CF2EE6200BA5166 /* LvInputView.h */,
				A8E834351CF2EE6200BA5166 /* LvInputView.m */,
				A8E834361CF2EE6200BA5166 /* LvInputView.xib */,
				A8FE6B741CF2EA0A00EF32B3 /* TPWeekRecommendTopView.h */,
				A8FE6B751CF2EA0A00EF32B3 /* TPWeekRecommendTopView.m */,
				A8FE6B4A1CF2E97300EF32B3 /* LJHeadImageCell.h */,
				A8FE6B4B1CF2E97300EF32B3 /* LJHeadImageCell.m */,
				A8FE6B4C1CF2E97300EF32B3 /* LJHeadImageCell.xib */,
				A8FE6B4D1CF2E97300EF32B3 /* LvUIPickerViewOne.h */,
				A8FE6B4E1CF2E97300EF32B3 /* LvUIPickerViewOne.m */,
				A8FE6B4F1CF2E97300EF32B3 /* LvUIPickerViewOne.xib */,
				A83318481CF9680F0001F084 /* TPRatingStart.h */,
				A83318491CF9680F0001F084 /* TPRatingStart.m */,
			);
			path = View;
			sourceTree = "<group>";
		};
/* End PBXGroup section */

/* Begin PBXNativeTarget section */
		A87C1DC11CE9A24D00E0285F /* JuYou */ = {
			isa = PBXNativeTarget;
			buildConfigurationList = A87C1DEC1CE9A24E00E0285F /* Build configuration list for PBXNativeTarget "JuYou" */;
			buildPhases = (
				4DDD993CF0C4BAAD80FFD15F /* Check Pods Manifest.lock */,
				A87C1DBE1CE9A24D00E0285F /* Sources */,
				A87C1DBF1CE9A24D00E0285F /* Frameworks */,
				A87C1DC01CE9A24D00E0285F /* Resources */,
				EFC7EA19EF54014183AA1878 /* Embed Pods Frameworks */,
				E3E0B3D811BEACD61E5395E3 /* Copy Pods Resources */,
				A8CFF01F1CEDCA6800110E61 /* Build Number */,
			);
			buildRules = (
			);
			dependencies = (
			);
			name = JuYou;
			productName = JuYou;
			productReference = A87C1DC21CE9A24D00E0285F /* JuYou.app */;
			productType = "com.apple.product-type.application";
		};
		A87C1DD71CE9A24D00E0285F /* JuYouTests */ = {
			isa = PBXNativeTarget;
			buildConfigurationList = A87C1DEF1CE9A24E00E0285F /* Build configuration list for PBXNativeTarget "JuYouTests" */;
			buildPhases = (
				A87C1DD41CE9A24D00E0285F /* Sources */,
				A87C1DD51CE9A24D00E0285F /* Frameworks */,
				A87C1DD61CE9A24D00E0285F /* Resources */,
			);
			buildRules = (
			);
			dependencies = (
				A87C1DDA1CE9A24D00E0285F /* PBXTargetDependency */,
			);
			name = JuYouTests;
			productName = JuYouTests;
			productReference = A87C1DD81CE9A24D00E0285F /* JuYouTests.xctest */;
			productType = "com.apple.product-type.bundle.unit-test";
		};
		A87C1DE21CE9A24D00E0285F /* JuYouUITests */ = {
			isa = PBXNativeTarget;
			buildConfigurationList = A87C1DF21CE9A24E00E0285F /* Build configuration list for PBXNativeTarget "JuYouUITests" */;
			buildPhases = (
				A87C1DDF1CE9A24D00E0285F /* Sources */,
				A87C1DE01CE9A24D00E0285F /* Frameworks */,
				A87C1DE11CE9A24D00E0285F /* Resources */,
			);
			buildRules = (
			);
			dependencies = (
				A87C1DE51CE9A24D00E0285F /* PBXTargetDependency */,
			);
			name = JuYouUITests;
			productName = JuYouUITests;
			productReference = A87C1DE31CE9A24D00E0285F /* JuYouUITests.xctest */;
			productType = "com.apple.product-type.bundle.ui-testing";
		};
/* End PBXNativeTarget section */

/* Begin PBXProject section */
		A87C1DBA1CE9A24D00E0285F /* Project object */ = {
			isa = PBXProject;
			attributes = {
				LastSwiftUpdateCheck = 0730;
				LastUpgradeCheck = 0730;
				ORGANIZATIONNAME = caobo56;
				TargetAttributes = {
					A87C1DC11CE9A24D00E0285F = {
						CreatedOnToolsVersion = 7.3;
					};
					A87C1DD71CE9A24D00E0285F = {
						CreatedOnToolsVersion = 7.3;
						TestTargetID = A87C1DC11CE9A24D00E0285F;
					};
					A87C1DE21CE9A24D00E0285F = {
						CreatedOnToolsVersion = 7.3;
						TestTargetID = A87C1DC11CE9A24D00E0285F;
					};
				};
			};
			buildConfigurationList = A87C1DBD1CE9A24D00E0285F /* Build configuration list for PBXProject "JuYou" */;
			compatibilityVersion = "Xcode 3.2";
			developmentRegion = English;
			hasScannedForEncodings = 0;
			knownRegions = (
				en,
				Base,
			);
			mainGroup = A87C1DB91CE9A24D00E0285F;
			productRefGroup = A87C1DC31CE9A24D00E0285F /* Products */;
			projectDirPath = "";
			projectRoot = "";
			targets = (
				A87C1DC11CE9A24D00E0285F /* JuYou */,
				A87C1DD71CE9A24D00E0285F /* JuYouTests */,
				A87C1DE21CE9A24D00E0285F /* JuYouUITests */,
			);
		};
/* End PBXProject section */

/* Begin PBXResourcesBuildPhase section */
		A87C1DC01CE9A24D00E0285F /* Resources */ = {
			isa = PBXResourcesBuildPhase;
			buildActionMask = 2147483647;
			files = (
				A8FE6B5B1CF2E97300EF32B3 /* LJFindPasswordViewController.xib in Resources */,
				A8E834381CF2EE6200BA5166 /* LvInputView.xib in Resources */,
				A8FE6B581CF2E97300EF32B3 /* LJChangePassWordViewController.xib in Resources */,
				A8FE6B5D1CF2E97300EF32B3 /* LJLooginViewController.xib in Resources */,
				A8FE6B561CF2E97300EF32B3 /* changPersonInfn.storyboard in Resources */,
				A87C1DD21CE9A24D00E0285F /* LaunchScreen.storyboard in Resources */,
				A8FE6B6B1CF2E97300EF32B3 /* LJHeadImageCell.xib in Resources */,
				A87C1DCF1CE9A24D00E0285F /* Assets.xcassets in Resources */,
				A8FE6B6D1CF2E97300EF32B3 /* LvUIPickerViewOne.xib in Resources */,
				A87C1DCD1CE9A24D00E0285F /* Main.storyboard in Resources */,
				A8FE6B621CF2E97300EF32B3 /* MTChangePassWordController.xib in Resources */,
				A8FE6B601CF2E97300EF32B3 /* LJRegisterViewController.xib in Resources */,
			);
			runOnlyForDeploymentPostprocessing = 0;
		};
		A87C1DD61CE9A24D00E0285F /* Resources */ = {
			isa = PBXResourcesBuildPhase;
			buildActionMask = 2147483647;
			files = (
			);
			runOnlyForDeploymentPostprocessing = 0;
		};
		A87C1DE11CE9A24D00E0285F /* Resources */ = {
			isa = PBXResourcesBuildPhase;
			buildActionMask = 2147483647;
			files = (
			);
			runOnlyForDeploymentPostprocessing = 0;
		};
/* End PBXResourcesBuildPhase section */

/* Begin PBXShellScriptBuildPhase section */
		4DDD993CF0C4BAAD80FFD15F /* Check Pods Manifest.lock */ = {
			isa = PBXShellScriptBuildPhase;
			buildActionMask = 2147483647;
			files = (
			);
			inputPaths = (
			);
			name = "Check Pods Manifest.lock";
			outputPaths = (
			);
			runOnlyForDeploymentPostprocessing = 0;
			shellPath = /bin/sh;
			shellScript = "diff \"${PODS_ROOT}/../Podfile.lock\" \"${PODS_ROOT}/Manifest.lock\" > /dev/null\nif [[ $? != 0 ]] ; then\n    cat << EOM\nerror: The sandbox is not in sync with the Podfile.lock. Run 'pod install' or update your CocoaPods installation.\nEOM\n    exit 1\nfi\n";
			showEnvVarsInLog = 0;
		};
		A8CFF01F1CEDCA6800110E61 /* Build Number */ = {
			isa = PBXShellScriptBuildPhase;
			buildActionMask = 2147483647;
			files = (
			);
			inputPaths = (
			);
			name = "Build Number";
			outputPaths = (
			);
			runOnlyForDeploymentPostprocessing = 0;
			shellPath = /bin/sh;
			shellScript = "echo $CONFIGURATION\nif [ \"Release\" == \"${CONFIGURATION}\" ]\nthen\nbuildNumber=$(/usr/libexec/PlistBuddy -c \"Print CFBundleVersion\" \"${PROJECT_DIR}/${INFOPLIST_FILE}\")\nbuildNumber=$(($buildNumber + 1))\n/usr/libexec/PlistBuddy -c \"Set :CFBundleVersion $buildNumber\" \"${PROJECT_DIR}/${INFOPLIST_FILE}\"\necho \"build number increase\"\nfi\n";
		};
		E3E0B3D811BEACD61E5395E3 /* Copy Pods Resources */ = {
			isa = PBXShellScriptBuildPhase;
			buildActionMask = 2147483647;
			files = (
			);
			inputPaths = (
			);
			name = "Copy Pods Resources";
			outputPaths = (
			);
			runOnlyForDeploymentPostprocessing = 0;
			shellPath = /bin/sh;
			shellScript = "\"${SRCROOT}/Pods/Target Support Files/Pods/Pods-resources.sh\"\n";
			showEnvVarsInLog = 0;
		};
		EFC7EA19EF54014183AA1878 /* Embed Pods Frameworks */ = {
			isa = PBXShellScriptBuildPhase;
			buildActionMask = 2147483647;
			files = (
			);
			inputPaths = (
			);
			name = "Embed Pods Frameworks";
			outputPaths = (
			);
			runOnlyForDeploymentPostprocessing = 0;
			shellPath = /bin/sh;
			shellScript = "\"${SRCROOT}/Pods/Target Support Files/Pods/Pods-frameworks.sh\"\n";
			showEnvVarsInLog = 0;
		};
/* End PBXShellScriptBuildPhase section */

/* Begin PBXSourcesBuildPhase section */
		A87C1DBE1CE9A24D00E0285F /* Sources */ = {
			isa = PBXSourcesBuildPhase;
			buildActionMask = 2147483647;
			files = (
				A80754251CEA9F56004ABC0D /* JYConstant.swift in Sources */,
				A8E834371CF2EE6200BA5166 /* LvInputView.m in Sources */,
				A8A45A171CF2D7B500B33DFD /* UIView+screenshots.swift in Sources */,
				A8BA47191CED928700FB8916 /* ISHotHeadView.swift in Sources */,
				A8A45A201CF2D85000B33DFD /* SwiftyJSON.swift in Sources */,
				A8E8343E1CF2EEF600BA5166 /* UIColor+LJ.m in Sources */,
				A8A45A161CF2D7B500B33DFD /* UIView+DDAddition.swift in Sources */,
				A8105C681CEC62FF00F25778 /* JYNavBarViewController.swift in Sources */,
				A8FE6B6C1CF2E97300EF32B3 /* LvUIPickerViewOne.m in Sources */,
				A8FE6B691CF2E97300EF32B3 /* TPLoginMaster.m in Sources */,
				A8FE6B5E1CF2E97300EF32B3 /* LJPersonalTableViewController.m in Sources */,
				A8BA47661CED9C8400FB8916 /* AuxiliaryModels.swift in Sources */,
				A8105C5C1CEC628100F25778 /* Reflect+Parse.swift in Sources */,
				A8BA476A1CEDAEDA00FB8916 /* JYHomeHeadView.swift in Sources */,
				A8105C6A1CEC630600F25778 /* JYHomeBottomView.swift in Sources */,
				A8105C5E1CEC628100F25778 /* Reflect+Class.swift in Sources */,
				A833184C1CF989C10001F084 /* HomeDetailFootView.swift in Sources */,
				A8FE6B571CF2E97300EF32B3 /* LJChangePassWordViewController.m in Sources */,
				A8FE6B591CF2E97300EF32B3 /* LJChangePersonInfoController.m in Sources */,
				A87C1DC61CE9A24D00E0285F /* AppDelegate.swift in Sources */,
				A8FE6B5F1CF2E97300EF32B3 /* LJRegisterViewController.m in Sources */,
				A8105C611CEC628100F25778 /* Reflect+Type.swift in Sources */,
				A8E8343B1CF2EECF00BA5166 /* MTColor.m in Sources */,
				A8A45A181CF2D7B500B33DFD /* UIViewController+Loading.swift in Sources */,
				A8A45A091CF2969D00B33DFD /* HomeDetailViewController.swift in Sources */,
				A8105C7C1CEC7EF200F25778 /* DestCell.swift in Sources */,
				A8105C621CEC628100F25778 /* Reflect.swift in Sources */,
				A8BA47681CED9C8400FB8916 /* CyclePictureView.swift in Sources */,
				A8FE6B611CF2E97300EF32B3 /* MTChangePassWordController.m in Sources */,
				A8105CBD1CECB60800F25778 /* HomeViewController.swift in Sources */,
				A8E834411CF2EF4800BA5166 /* NSString+NSPredicate.m in Sources */,
				A8FE6B7C1CF2EC4300EF32B3 /* NSString+MD5.m in Sources */,
				A8FE6B6A1CF2E97300EF32B3 /* LJHeadImageCell.m in Sources */,
				A8A45A1D1CF2D80F00B33DFD /* JYCuxtomTool.swift in Sources */,
				A833184A1CF9680F0001F084 /* TPRatingStart.m in Sources */,
				A8FE6B5C1CF2E97300EF32B3 /* LJLooginViewController.m in Sources */,
				A8105CB91CECB5DC00F25778 /* FilterFreedoms.swift in Sources */,
				A80754271CEAA709004ABC0D /* JYAPIClient.swift in Sources */,
				A8A45A131CF2D7B500B33DFD /* UIButton+Typesetting.swift in Sources */,
				A8FE6B731CF2E9A800EF32B3 /* TPBasicViewController.m in Sources */,
				A8105C3F1CEC008300F25778 /* MineViewController.swift in Sources */,
				A8BA47671CED9C8400FB8916 /* CyclePictureCell.swift in Sources */,
				A8105C701CEC636E00F25778 /* DestinationHots.swift in Sources */,
				A87C1DFB1CE9A3A200E0285F /* JYNetWorking.swift in Sources */,
				A8087F1F1CF56E24005DB30A /* TPPushDemandTopView.m in Sources */,
				A8A45A1C1CF2D80F00B33DFD /* CoreAnimationEffect.swift in Sources */,
				A8105C721CEC63AD00F25778 /* DestinationViewController.swift in Sources */,
				A8105C601CEC628100F25778 /* Reflect+Property.swift in Sources */,
				A8FE6B5A1CF2E97300EF32B3 /* LJFindPasswordViewController.m in Sources */,
				A8BA47171CED432F00FB8916 /* IsHotCell.swift in Sources */,
				A8FE6B681CF2E97300EF32B3 /* YYAccountTool.m in Sources */,
				A80875B21CF94E5300B3167A /* HomeDetailHeadView.swift in Sources */,
				A8105C5F1CEC628100F25778 /* Reflect+Other.swift in Sources */,
				A8105C5D1CEC628100F25778 /* Reflect+Convert.swift in Sources */,
				A8A45A0B1CF2987E00B33DFD /* BasicViewController.swift in Sources */,
				A8105C5B1CEC628100F25778 /* Reflect+ArcFile.swift in Sources */,
				A8A45A221CF2D9FA00B33DFD /* FreedomDetail.swift in Sources */,
				A8A45A141CF2D7B500B33DFD /* UIImage+Color.swift in Sources */,
				A8A45A151CF2D7B500B33DFD /* UImage+Size.swift in Sources */,
				A8FE6B671CF2E97300EF32B3 /* MTUser.m in Sources */,
				A8FE6B761CF2EA0A00EF32B3 /* TPWeekRecommendTopView.m in Sources */,
			);
			runOnlyForDeploymentPostprocessing = 0;
		};
		A87C1DD41CE9A24D00E0285F /* Sources */ = {
			isa = PBXSourcesBuildPhase;
			buildActionMask = 2147483647;
			files = (
				A87C1DDD1CE9A24D00E0285F /* JuYouTests.swift in Sources */,
			);
			runOnlyForDeploymentPostprocessing = 0;
		};
		A87C1DDF1CE9A24D00E0285F /* Sources */ = {
			isa = PBXSourcesBuildPhase;
			buildActionMask = 2147483647;
			files = (
				A87C1DE81CE9A24E00E0285F /* JuYouUITests.swift in Sources */,
			);
			runOnlyForDeploymentPostprocessing = 0;
		};
/* End PBXSourcesBuildPhase section */

/* Begin PBXTargetDependency section */
		A87C1DDA1CE9A24D00E0285F /* PBXTargetDependency */ = {
			isa = PBXTargetDependency;
			target = A87C1DC11CE9A24D00E0285F /* JuYou */;
			targetProxy = A87C1DD91CE9A24D00E0285F /* PBXContainerItemProxy */;
		};
		A87C1DE51CE9A24D00E0285F /* PBXTargetDependency */ = {
			isa = PBXTargetDependency;
			target = A87C1DC11CE9A24D00E0285F /* JuYou */;
			targetProxy = A87C1DE41CE9A24D00E0285F /* PBXContainerItemProxy */;
		};
/* End PBXTargetDependency section */

/* Begin PBXVariantGroup section */
		A87C1DCB1CE9A24D00E0285F /* Main.storyboard */ = {
			isa = PBXVariantGroup;
			children = (
				A87C1DCC1CE9A24D00E0285F /* Base */,
			);
			name = Main.storyboard;
			sourceTree = "<group>";
		};
		A87C1DD01CE9A24D00E0285F /* LaunchScreen.storyboard */ = {
			isa = PBXVariantGroup;
			children = (
				A87C1DD11CE9A24D00E0285F /* Base */,
			);
			name = LaunchScreen.storyboard;
			sourceTree = "<group>";
		};
/* End PBXVariantGroup section */

/* Begin XCBuildConfiguration section */
		A87C1DEA1CE9A24E00E0285F /* Debug */ = {
			isa = XCBuildConfiguration;
			buildSettings = {
				ALWAYS_SEARCH_USER_PATHS = NO;
				CLANG_ANALYZER_NONNULL = YES;
				CLANG_CXX_LANGUAGE_STANDARD = "gnu++0x";
				CLANG_CXX_LIBRARY = "libc++";
				CLANG_ENABLE_MODULES = YES;
				CLANG_ENABLE_OBJC_ARC = YES;
				CLANG_WARN_BOOL_CONVERSION = YES;
				CLANG_WARN_CONSTANT_CONVERSION = YES;
				CLANG_WARN_DIRECT_OBJC_ISA_USAGE = YES_ERROR;
				CLANG_WARN_EMPTY_BODY = YES;
				CLANG_WARN_ENUM_CONVERSION = YES;
				CLANG_WARN_INT_CONVERSION = YES;
				CLANG_WARN_OBJC_ROOT_CLASS = YES_ERROR;
				CLANG_WARN_UNREACHABLE_CODE = YES;
				CLANG_WARN__DUPLICATE_METHOD_MATCH = YES;
				CODE_SIGN_IDENTITY = "iPhone Distribution: PalmSphere (Beijing) Technology, Inc.";
				"CODE_SIGN_IDENTITY[sdk=iphoneos*]" = "iPhone Distribution: PalmSphere (Beijing) Technology, Inc.";
				COPY_PHASE_STRIP = NO;
				DEBUG_INFORMATION_FORMAT = dwarf;
				ENABLE_STRICT_OBJC_MSGSEND = YES;
				ENABLE_TESTABILITY = YES;
				GCC_C_LANGUAGE_STANDARD = gnu99;
				GCC_DYNAMIC_NO_PIC = NO;
				GCC_NO_COMMON_BLOCKS = YES;
				GCC_OPTIMIZATION_LEVEL = 0;
				GCC_PREPROCESSOR_DEFINITIONS = (
					"DEBUG=1",
					"$(inherited)",
				);
				GCC_WARN_64_TO_32_BIT_CONVERSION = YES;
				GCC_WARN_ABOUT_RETURN_TYPE = YES_ERROR;
				GCC_WARN_UNDECLARED_SELECTOR = YES;
				GCC_WARN_UNINITIALIZED_AUTOS = YES_AGGRESSIVE;
				GCC_WARN_UNUSED_FUNCTION = YES;
				GCC_WARN_UNUSED_VARIABLE = YES;
				IPHONEOS_DEPLOYMENT_TARGET = 8.0;
				MTL_ENABLE_DEBUG_INFO = YES;
				ONLY_ACTIVE_ARCH = YES;
				PROVISIONING_PROFILE = "99132e55-75a7-4a20-b8c7-83d0393201b2";
				SDKROOT = iphoneos;
				SWIFT_OPTIMIZATION_LEVEL = "-Onone";
			};
			name = Debug;
		};
		A87C1DEB1CE9A24E00E0285F /* Release */ = {
			isa = XCBuildConfiguration;
			buildSettings = {
				ALWAYS_SEARCH_USER_PATHS = NO;
				CLANG_ANALYZER_NONNULL = YES;
				CLANG_CXX_LANGUAGE_STANDARD = "gnu++0x";
				CLANG_CXX_LIBRARY = "libc++";
				CLANG_ENABLE_MODULES = YES;
				CLANG_ENABLE_OBJC_ARC = YES;
				CLANG_WARN_BOOL_CONVERSION = YES;
				CLANG_WARN_CONSTANT_CONVERSION = YES;
				CLANG_WARN_DIRECT_OBJC_ISA_USAGE = YES_ERROR;
				CLANG_WARN_EMPTY_BODY = YES;
				CLANG_WARN_ENUM_CONVERSION = YES;
				CLANG_WARN_INT_CONVERSION = YES;
				CLANG_WARN_OBJC_ROOT_CLASS = YES_ERROR;
				CLANG_WARN_UNREACHABLE_CODE = YES;
				CLANG_WARN__DUPLICATE_METHOD_MATCH = YES;
				CODE_SIGN_IDENTITY = "iPhone Distribution: PalmSphere (Beijing) Technology, Inc.";
				"CODE_SIGN_IDENTITY[sdk=iphoneos*]" = "iPhone Distribution: PalmSphere (Beijing) Technology, Inc.";
				COPY_PHASE_STRIP = NO;
				DEBUG_INFORMATION_FORMAT = "dwarf-with-dsym";
				ENABLE_NS_ASSERTIONS = NO;
				ENABLE_STRICT_OBJC_MSGSEND = YES;
				GCC_C_LANGUAGE_STANDARD = gnu99;
				GCC_NO_COMMON_BLOCKS = YES;
				GCC_WARN_64_TO_32_BIT_CONVERSION = YES;
				GCC_WARN_ABOUT_RETURN_TYPE = YES_ERROR;
				GCC_WARN_UNDECLARED_SELECTOR = YES;
				GCC_WARN_UNINITIALIZED_AUTOS = YES_AGGRESSIVE;
				GCC_WARN_UNUSED_FUNCTION = YES;
				GCC_WARN_UNUSED_VARIABLE = YES;
				IPHONEOS_DEPLOYMENT_TARGET = 8.0;
				MTL_ENABLE_DEBUG_INFO = NO;
				PROVISIONING_PROFILE = "99132e55-75a7-4a20-b8c7-83d0393201b2";
				SDKROOT = iphoneos;
				VALIDATE_PRODUCT = YES;
			};
			name = Release;
		};
		A87C1DED1CE9A24E00E0285F /* Debug */ = {
			isa = XCBuildConfiguration;
			baseConfigurationReference = F92A0CBB81C7838B662D31E9 /* Pods.debug.xcconfig */;
			buildSettings = {
				ASSETCATALOG_COMPILER_APPICON_NAME = AppIcon;
				CLANG_ENABLE_MODULES = YES;
				CODE_SIGN_IDENTITY = "iPhone Distribution: PalmSphere (Beijing) Technology, Inc.";
				INFOPLIST_FILE = JuYou/Info.plist;
				IPHONEOS_DEPLOYMENT_TARGET = 8.0;
				LD_RUNPATH_SEARCH_PATHS = "$(inherited) @executable_path/Frameworks";
				PRODUCT_BUNDLE_IDENTIFIER = juyou;
				PRODUCT_NAME = "$(TARGET_NAME)";
				PROVISIONING_PROFILE = "99132e55-75a7-4a20-b8c7-83d0393201b2";
				SWIFT_OBJC_BRIDGING_HEADER = "/Users/caobo/Documents/聚游分期/JuYou/JuYou/NavBar/ViewController/Bridge-Header.h";
				SWIFT_OPTIMIZATION_LEVEL = "-Onone";
				USER_HEADER_SEARCH_PATHS = "${SRCROOT} /**";
			};
			name = Debug;
		};
		A87C1DEE1CE9A24E00E0285F /* Release */ = {
			isa = XCBuildConfiguration;
			baseConfigurationReference = 547493131F3A54D7BEB20001 /* Pods.release.xcconfig */;
			buildSettings = {
				ASSETCATALOG_COMPILER_APPICON_NAME = AppIcon;
				CLANG_ENABLE_MODULES = YES;
				CODE_SIGN_IDENTITY = "iPhone Distribution: PalmSphere (Beijing) Technology, Inc.";
				"CODE_SIGN_IDENTITY[sdk=iphoneos*]" = "iPhone Distribution: PalmSphere (Beijing) Technology, Inc.";
				INFOPLIST_FILE = JuYou/Info.plist;
				IPHONEOS_DEPLOYMENT_TARGET = 8.0;
				LD_RUNPATH_SEARCH_PATHS = "$(inherited) @executable_path/Frameworks";
				PRODUCT_BUNDLE_IDENTIFIER = juyou;
				PRODUCT_NAME = "$(TARGET_NAME)";
				PROVISIONING_PROFILE = "99132e55-75a7-4a20-b8c7-83d0393201b2";
				SWIFT_OBJC_BRIDGING_HEADER = "/Users/caobo/Documents/聚游分期/JuYou/JuYou/NavBar/ViewController/Bridge-Header.h";
				USER_HEADER_SEARCH_PATHS = "${SRCROOT} /**";
			};
			name = Release;
		};
		A87C1DF01CE9A24E00E0285F /* Debug */ = {
			isa = XCBuildConfiguration;
			baseConfigurationReference = F92A0CBB81C7838B662D31E9 /* Pods.debug.xcconfig */;
			buildSettings = {
				BUNDLE_LOADER = "$(TEST_HOST)";
				INFOPLIST_FILE = JuYouTests/Info.plist;
				LD_RUNPATH_SEARCH_PATHS = "$(inherited) @executable_path/Frameworks @loader_path/Frameworks";
				PRODUCT_BUNDLE_IDENTIFIER = caobo.JuYouTests;
				PRODUCT_NAME = "$(TARGET_NAME)";
				TEST_HOST = "$(BUILT_PRODUCTS_DIR)/JuYou.app/JuYou";
			};
			name = Debug;
		};
		A87C1DF11CE9A24E00E0285F /* Release */ = {
			isa = XCBuildConfiguration;
			baseConfigurationReference = 547493131F3A54D7BEB20001 /* Pods.release.xcconfig */;
			buildSettings = {
				BUNDLE_LOADER = "$(TEST_HOST)";
				INFOPLIST_FILE = JuYouTests/Info.plist;
				LD_RUNPATH_SEARCH_PATHS = "$(inherited) @executable_path/Frameworks @loader_path/Frameworks";
				PRODUCT_BUNDLE_IDENTIFIER = caobo.JuYouTests;
				PRODUCT_NAME = "$(TARGET_NAME)";
				TEST_HOST = "$(BUILT_PRODUCTS_DIR)/JuYou.app/JuYou";
			};
			name = Release;
		};
		A87C1DF31CE9A24E00E0285F /* Debug */ = {
			isa = XCBuildConfiguration;
			baseConfigurationReference = F92A0CBB81C7838B662D31E9 /* Pods.debug.xcconfig */;
			buildSettings = {
				INFOPLIST_FILE = JuYouUITests/Info.plist;
				LD_RUNPATH_SEARCH_PATHS = "$(inherited) @executable_path/Frameworks @loader_path/Frameworks";
				PRODUCT_BUNDLE_IDENTIFIER = caobo.JuYouUITests;
				PRODUCT_NAME = "$(TARGET_NAME)";
				TEST_TARGET_NAME = JuYou;
			};
			name = Debug;
		};
		A87C1DF41CE9A24E00E0285F /* Release */ = {
			isa = XCBuildConfiguration;
			baseConfigurationReference = 547493131F3A54D7BEB20001 /* Pods.release.xcconfig */;
			buildSettings = {
				INFOPLIST_FILE = JuYouUITests/Info.plist;
				LD_RUNPATH_SEARCH_PATHS = "$(inherited) @executable_path/Frameworks @loader_path/Frameworks";
				PRODUCT_BUNDLE_IDENTIFIER = caobo.JuYouUITests;
				PRODUCT_NAME = "$(TARGET_NAME)";
				TEST_TARGET_NAME = JuYou;
			};
			name = Release;
		};
/* End XCBuildConfiguration section */

/* Begin XCConfigurationList section */
		A87C1DBD1CE9A24D00E0285F /* Build configuration list for PBXProject "JuYou" */ = {
			isa = XCConfigurationList;
			buildConfigurations = (
				A87C1DEA1CE9A24E00E0285F /* Debug */,
				A87C1DEB1CE9A24E00E0285F /* Release */,
			);
			defaultConfigurationIsVisible = 0;
			defaultConfigurationName = Release;
		};
		A87C1DEC1CE9A24E00E0285F /* Build configuration list for PBXNativeTarget "JuYou" */ = {
			isa = XCConfigurationList;
			buildConfigurations = (
				A87C1DED1CE9A24E00E0285F /* Debug */,
				A87C1DEE1CE9A24E00E0285F /* Release */,
			);
			defaultConfigurationIsVisible = 0;
			defaultConfigurationName = Release;
		};
		A87C1DEF1CE9A24E00E0285F /* Build configuration list for PBXNativeTarget "JuYouTests" */ = {
			isa = XCConfigurationList;
			buildConfigurations = (
				A87C1DF01CE9A24E00E0285F /* Debug */,
				A87C1DF11CE9A24E00E0285F /* Release */,
			);
			defaultConfigurationIsVisible = 0;
			defaultConfigurationName = Release;
		};
		A87C1DF21CE9A24E00E0285F /* Build configuration list for PBXNativeTarget "JuYouUITests" */ = {
			isa = XCConfigurationList;
			buildConfigurations = (
				A87C1DF31CE9A24E00E0285F /* Debug */,
				A87C1DF41CE9A24E00E0285F /* Release */,
			);
			defaultConfigurationIsVisible = 0;
			defaultConfigurationName = Release;
		};
/* End XCConfigurationList section */
	};
	rootObject = A87C1DBA1CE9A24D00E0285F /* Project object */;
}
